
Microsoft Visual Studio Solution File, Format Version 12.00
# Visual Studio Version 17
VisualStudioVersion = 17.14.36414.22 d17.14
MinimumVisualStudioVersion = 10.0.40219.1
Project("{FAE04EC0-301F-11D3-BF4B-00C04F79EFBC}") = "Garden Application", "Garden Application\Garden Application.csproj", "{374A0AE6-3FA5-41B3-AE17-967BA85F6248}"
EndProject
Global
	GlobalSection(SolutionConfigurationPlatforms) = preSolution
		Debug|Any CPU = Debug|Any CPU
		Release|Any CPU = Release|Any CPU
	EndGlobalSection
	GlobalSection(ProjectConfigurationPlatforms) = postSolution
		{374A0AE6-3FA5-41B3-AE17-967BA85F6248}.Debug|Any CPU.ActiveCfg = Debug|Any CPU
		{374A0AE6-3FA5-41B3-AE17-967BA85F6248}.Debug|Any CPU.Build.0 = Debug|Any CPU
		{374A0AE6-3FA5-41B3-AE17-967BA85F6248}.Release|Any CPU.ActiveCfg = Release|Any CPU
		{374A0AE6-3FA5-41B3-AE17-967BA85F6248}.Release|Any CPU.Build.0 = Release|Any CPU
	EndGlobalSection
	GlobalSection(SolutionProperties) = preSolution
		HideSolutionNode = FALSE
	EndGlobalSection
	GlobalSection(ExtensibilityGlobals) = postSolution
		SolutionGuid = {3B181FC9-AA0A-4040-B04D-DCDD168B1A89}
	EndGlobalSection
EndGlobal
